
Microsoft Visual Studio Solution File, Format Version 12.00
# Visual Studio 2015
Project("{FAE04EC0-301F-11D3-BF4B-00C04F79EFBC}") = "rush.CSharp", "rush.CSharp.csproj", "{23C1DA46-D590-8310-CE50-356654573648}"
EndProject
Project("{FAE04EC0-301F-11D3-BF4B-00C04F79EFBC}") = "rush.CSharp.Editor", "rush.CSharp.Editor.csproj", "{63C3AA62-8B04-AB11-606C-6ED5516C2EEB}"
EndProject
Global
	GlobalSection(SolutionConfigurationPlatforms) = preSolution
		Debug|Any CPU = Debug|Any CPU
		Release|Any CPU = Release|Any CPU
	EndGlobalSection
	GlobalSection(ProjectConfigurationPlatforms) = postSolution
		{23C1DA46-D590-8310-CE50-356654573648}.Debug|Any CPU.ActiveCfg = Debug|Any CPU
		{23C1DA46-D590-8310-CE50-356654573648}.Debug|Any CPU.Build.0 = Debug|Any CPU
		{23C1DA46-D590-8310-CE50-356654573648}.Release|Any CPU.ActiveCfg = Release|Any CPU
		{23C1DA46-D590-8310-CE50-356654573648}.Release|Any CPU.Build.0 = Release|Any CPU
		{63C3AA62-8B04-AB11-606C-6ED5516C2EEB}.Debug|Any CPU.ActiveCfg = Debug|Any CPU
		{63C3AA62-8B04-AB11-606C-6ED5516C2EEB}.Debug|Any CPU.Build.0 = Debug|Any CPU
		{63C3AA62-8B04-AB11-606C-6ED5516C2EEB}.Release|Any CPU.ActiveCfg = Release|Any CPU
		{63C3AA62-8B04-AB11-606C-6ED5516C2EEB}.Release|Any CPU.Build.0 = Release|Any CPU
	EndGlobalSection
	GlobalSection(SolutionProperties) = preSolution
		HideSolutionNode = FALSE
	EndGlobalSection
EndGlobal
