
Microsoft Visual Studio Solution File, Format Version 12.00
# Visual Studio 2015
Project("{FAE04EC0-301F-11D3-BF4B-00C04F79EFBC}") = "Lapick-Catch the Witch.CSharp.Plugins", "Lapick-Catch the Witch.CSharp.Plugins.csproj", "{6EBEFE30-CA3B-2746-FAEF-54B6874EFCAF}"
EndProject
Project("{FAE04EC0-301F-11D3-BF4B-00C04F79EFBC}") = "Lapick-Catch the Witch.CSharp", "Lapick-Catch the Witch.CSharp.csproj", "{78743275-D6DA-FD8F-B922-1916161AA80F}"
EndProject
Project("{FAE04EC0-301F-11D3-BF4B-00C04F79EFBC}") = "Lapick-Catch the Witch.CSharp.Editor.Plugins", "Lapick-Catch the Witch.CSharp.Editor.Plugins.csproj", "{01E9D62F-604C-5033-673E-AA4AD64652D2}"
EndProject
Project("{FAE04EC0-301F-11D3-BF4B-00C04F79EFBC}") = "Lapick-Catch the Witch.CSharp.Editor", "Lapick-Catch the Witch.CSharp.Editor.csproj", "{540C487F-9D64-E84B-7E3E-42B8385BC573}"
EndProject
Global
	GlobalSection(SolutionConfigurationPlatforms) = preSolution
		Debug|Any CPU = Debug|Any CPU
		Release|Any CPU = Release|Any CPU
	EndGlobalSection
	GlobalSection(ProjectConfigurationPlatforms) = postSolution
		{6EBEFE30-CA3B-2746-FAEF-54B6874EFCAF}.Debug|Any CPU.ActiveCfg = Debug|Any CPU
		{6EBEFE30-CA3B-2746-FAEF-54B6874EFCAF}.Debug|Any CPU.Build.0 = Debug|Any CPU
		{6EBEFE30-CA3B-2746-FAEF-54B6874EFCAF}.Release|Any CPU.ActiveCfg = Release|Any CPU
		{6EBEFE30-CA3B-2746-FAEF-54B6874EFCAF}.Release|Any CPU.Build.0 = Release|Any CPU
		{78743275-D6DA-FD8F-B922-1916161AA80F}.Debug|Any CPU.ActiveCfg = Debug|Any CPU
		{78743275-D6DA-FD8F-B922-1916161AA80F}.Debug|Any CPU.Build.0 = Debug|Any CPU
		{78743275-D6DA-FD8F-B922-1916161AA80F}.Release|Any CPU.ActiveCfg = Release|Any CPU
		{78743275-D6DA-FD8F-B922-1916161AA80F}.Release|Any CPU.Build.0 = Release|Any CPU
		{01E9D62F-604C-5033-673E-AA4AD64652D2}.Debug|Any CPU.ActiveCfg = Debug|Any CPU
		{01E9D62F-604C-5033-673E-AA4AD64652D2}.Debug|Any CPU.Build.0 = Debug|Any CPU
		{01E9D62F-604C-5033-673E-AA4AD64652D2}.Release|Any CPU.ActiveCfg = Release|Any CPU
		{01E9D62F-604C-5033-673E-AA4AD64652D2}.Release|Any CPU.Build.0 = Release|Any CPU
		{540C487F-9D64-E84B-7E3E-42B8385BC573}.Debug|Any CPU.ActiveCfg = Debug|Any CPU
		{540C487F-9D64-E84B-7E3E-42B8385BC573}.Debug|Any CPU.Build.0 = Debug|Any CPU
		{540C487F-9D64-E84B-7E3E-42B8385BC573}.Release|Any CPU.ActiveCfg = Release|Any CPU
		{540C487F-9D64-E84B-7E3E-42B8385BC573}.Release|Any CPU.Build.0 = Release|Any CPU
	EndGlobalSection
	GlobalSection(SolutionProperties) = preSolution
		HideSolutionNode = FALSE
	EndGlobalSection
EndGlobal
