
Microsoft Visual Studio Solution File, Format Version 12.00
# Visual Studio 2015
Project("{FAE04EC0-301F-11D3-BF4B-00C04F79EFBC}") = "Rush.CSharp.Plugins", "Rush.CSharp.Plugins.csproj", "{0DD3C0C1-FC54-2AC8-99CD-0879E88CCB52}"
EndProject
Project("{FAE04EC0-301F-11D3-BF4B-00C04F79EFBC}") = "Rush.CSharp", "Rush.CSharp.csproj", "{956A3120-E2A0-B8E3-0885-84DAF46BF6DD}"
EndProject
Project("{FAE04EC0-301F-11D3-BF4B-00C04F79EFBC}") = "Rush.CSharp.Editor.Plugins", "Rush.CSharp.Editor.Plugins.csproj", "{8B342AFD-689C-92D8-58E6-2F6E4FD838BF}"
EndProject
Project("{FAE04EC0-301F-11D3-BF4B-00C04F79EFBC}") = "Rush.CSharp.Editor", "Rush.CSharp.Editor.csproj", "{27CFB722-7D0D-B5A9-63FF-40E5FB451251}"
EndProject
Global
	GlobalSection(SolutionConfigurationPlatforms) = preSolution
		Debug|Any CPU = Debug|Any CPU
		Release|Any CPU = Release|Any CPU
	EndGlobalSection
	GlobalSection(ProjectConfigurationPlatforms) = postSolution
		{0DD3C0C1-FC54-2AC8-99CD-0879E88CCB52}.Debug|Any CPU.ActiveCfg = Debug|Any CPU
		{0DD3C0C1-FC54-2AC8-99CD-0879E88CCB52}.Debug|Any CPU.Build.0 = Debug|Any CPU
		{0DD3C0C1-FC54-2AC8-99CD-0879E88CCB52}.Release|Any CPU.ActiveCfg = Release|Any CPU
		{0DD3C0C1-FC54-2AC8-99CD-0879E88CCB52}.Release|Any CPU.Build.0 = Release|Any CPU
		{956A3120-E2A0-B8E3-0885-84DAF46BF6DD}.Debug|Any CPU.ActiveCfg = Debug|Any CPU
		{956A3120-E2A0-B8E3-0885-84DAF46BF6DD}.Debug|Any CPU.Build.0 = Debug|Any CPU
		{956A3120-E2A0-B8E3-0885-84DAF46BF6DD}.Release|Any CPU.ActiveCfg = Release|Any CPU
		{956A3120-E2A0-B8E3-0885-84DAF46BF6DD}.Release|Any CPU.Build.0 = Release|Any CPU
		{8B342AFD-689C-92D8-58E6-2F6E4FD838BF}.Debug|Any CPU.ActiveCfg = Debug|Any CPU
		{8B342AFD-689C-92D8-58E6-2F6E4FD838BF}.Debug|Any CPU.Build.0 = Debug|Any CPU
		{8B342AFD-689C-92D8-58E6-2F6E4FD838BF}.Release|Any CPU.ActiveCfg = Release|Any CPU
		{8B342AFD-689C-92D8-58E6-2F6E4FD838BF}.Release|Any CPU.Build.0 = Release|Any CPU
		{27CFB722-7D0D-B5A9-63FF-40E5FB451251}.Debug|Any CPU.ActiveCfg = Debug|Any CPU
		{27CFB722-7D0D-B5A9-63FF-40E5FB451251}.Debug|Any CPU.Build.0 = Debug|Any CPU
		{27CFB722-7D0D-B5A9-63FF-40E5FB451251}.Release|Any CPU.ActiveCfg = Release|Any CPU
		{27CFB722-7D0D-B5A9-63FF-40E5FB451251}.Release|Any CPU.Build.0 = Release|Any CPU
	EndGlobalSection
	GlobalSection(SolutionProperties) = preSolution
		HideSolutionNode = FALSE
	EndGlobalSection
EndGlobal
